// !$*UTF8*$!
{
	archiveVersion = 1;
	classes = {
	};
	objectVersion = 52;
	objects = {

/* Begin PBXBuildFile section */
		E946A10A244C131C00A3F07C /* AppDelegate.swift in Sources */ = {isa = PBXBuildFile; fileRef = E946A109244C131C00A3F07C /* AppDelegate.swift */; };
		E946A10C244C131C00A3F07C /* SceneDelegate.swift in Sources */ = {isa = PBXBuildFile; fileRef = E946A10B244C131C00A3F07C /* SceneDelegate.swift */; };
		E946A111244C131C00A3F07C /* Main.storyboard in Resources */ = {isa = PBXBuildFile; fileRef = E946A10F244C131C00A3F07C /* Main.storyboard */; };
		E946A113244C132400A3F07C /* Assets.xcassets in Resources */ = {isa = PBXBuildFile; fileRef = E946A112244C132400A3F07C /* Assets.xcassets */; };
		E946A116244C132400A3F07C /* LaunchScreen.storyboard in Resources */ = {isa = PBXBuildFile; fileRef = E946A114244C132400A3F07C /* LaunchScreen.storyboard */; };
		E946A124244C158300A3F07C /* NetworkServiceProtocol.swift in Sources */ = {isa = PBXBuildFile; fileRef = E946A123244C158300A3F07C /* NetworkServiceProtocol.swift */; };
		E946A126244C158E00A3F07C /* NetworkService.swift in Sources */ = {isa = PBXBuildFile; fileRef = E946A125244C158E00A3F07C /* NetworkService.swift */; };
		E946A12D244C15FD00A3F07C /* JsonUtils.swift in Sources */ = {isa = PBXBuildFile; fileRef = E946A12C244C15FD00A3F07C /* JsonUtils.swift */; };
		E946A12F244C162800A3F07C /* NetStatus.swift in Sources */ = {isa = PBXBuildFile; fileRef = E946A12E244C162800A3F07C /* NetStatus.swift */; };
		E946A131244C171E00A3F07C /* BaseHeaders.swift in Sources */ = {isa = PBXBuildFile; fileRef = E946A130244C171E00A3F07C /* BaseHeaders.swift */; };
		E946A133244C179F00A3F07C /* BaseParams.swift in Sources */ = {isa = PBXBuildFile; fileRef = E946A132244C179F00A3F07C /* BaseParams.swift */; };
		E946A135244C183D00A3F07C /* BaseMethod.swift in Sources */ = {isa = PBXBuildFile; fileRef = E946A134244C183D00A3F07C /* BaseMethod.swift */; };
		E946A137244C187200A3F07C /* BaseUrl.swift in Sources */ = {isa = PBXBuildFile; fileRef = E946A136244C187200A3F07C /* BaseUrl.swift */; };
		E946A139244C189100A3F07C /* BaseUrlHost.swift in Sources */ = {isa = PBXBuildFile; fileRef = E946A138244C189100A3F07C /* BaseUrlHost.swift */; };
		E946A13B244C18CC00A3F07C /* BaseUrlScheme.swift in Sources */ = {isa = PBXBuildFile; fileRef = E946A13A244C18CC00A3F07C /* BaseUrlScheme.swift */; };
		E946A13D244C18EA00A3F07C /* BaseUrlPath.swift in Sources */ = {isa = PBXBuildFile; fileRef = E946A13C244C18EA00A3F07C /* BaseUrlPath.swift */; };
		E946A13F244C192200A3F07C /* BaseDataResult.swift in Sources */ = {isa = PBXBuildFile; fileRef = E946A13E244C192200A3F07C /* BaseDataResult.swift */; };
		E946A141244C195300A3F07C /* BaseDownload.swift in Sources */ = {isa = PBXBuildFile; fileRef = E946A140244C195300A3F07C /* BaseDownload.swift */; };
		E946A143244C19A200A3F07C /* BaseSession.swift in Sources */ = {isa = PBXBuildFile; fileRef = E946A142244C19A200A3F07C /* BaseSession.swift */; };
		E946A145244C19D100A3F07C /* BaseRequest.swift in Sources */ = {isa = PBXBuildFile; fileRef = E946A144244C19D100A3F07C /* BaseRequest.swift */; };
		E946A148244C51D500A3F07C /* LessonsTableViewCell.swift in Sources */ = {isa = PBXBuildFile; fileRef = E946A147244C51D500A3F07C /* LessonsTableViewCell.swift */; };
		E946A14E244C5F6300A3F07C /* SnapKit in Frameworks */ = {isa = PBXBuildFile; productRef = E946A14D244C5F6300A3F07C /* SnapKit */; };
		E946A150244C647B00A3F07C /* Extensions.swift in Sources */ = {isa = PBXBuildFile; fileRef = E946A14F244C647B00A3F07C /* Extensions.swift */; };
		E946A156244D176600A3F07C /* Color.swift in Sources */ = {isa = PBXBuildFile; fileRef = E946A155244D176600A3F07C /* Color.swift */; };
		E946A158244D196000A3F07C /* Size.swift in Sources */ = {isa = PBXBuildFile; fileRef = E946A157244D196000A3F07C /* Size.swift */; };
		E946A15A244D3F8600A3F07C /* EventsTableViewCell.swift in Sources */ = {isa = PBXBuildFile; fileRef = E946A159244D3F8600A3F07C /* EventsTableViewCell.swift */; };
		E946A15C244D7DB400A3F07C /* LessonsProtocols.swift in Sources */ = {isa = PBXBuildFile; fileRef = E946A15B244D7DB400A3F07C /* LessonsProtocols.swift */; };
		E946A15F244D7FCB00A3F07C /* RxSwift in Frameworks */ = {isa = PBXBuildFile; productRef = E946A15E244D7FCB00A3F07C /* RxSwift */; };
		E946A161244D7FCB00A3F07C /* RxCocoa in Frameworks */ = {isa = PBXBuildFile; productRef = E946A160244D7FCB00A3F07C /* RxCocoa */; };
		E946A164244D7FF300A3F07C /* Action in Frameworks */ = {isa = PBXBuildFile; productRef = E946A163244D7FF300A3F07C /* Action */; };
		E946A167244D809900A3F07C /* Realm in Frameworks */ = {isa = PBXBuildFile; productRef = E946A166244D809900A3F07C /* Realm */; };
		E946A169244D809900A3F07C /* RealmSwift in Frameworks */ = {isa = PBXBuildFile; productRef = E946A168244D809900A3F07C /* RealmSwift */; };
		E946A16B244D842B00A3F07C /* Lesson.swift in Sources */ = {isa = PBXBuildFile; fileRef = E946A16A244D842B00A3F07C /* Lesson.swift */; };
		E946A16D244E5FBE00A3F07C /* LessonsViewController.swift in Sources */ = {isa = PBXBuildFile; fileRef = E946A16C244E5FBE00A3F07C /* LessonsViewController.swift */; };
		E946A16F244E61AB00A3F07C /* LessonsPresenter.swift in Sources */ = {isa = PBXBuildFile; fileRef = E946A16E244E61AB00A3F07C /* LessonsPresenter.swift */; };
		E946A171244E638600A3F07C /* LessonsSearchParams.swift in Sources */ = {isa = PBXBuildFile; fileRef = E946A170244E638600A3F07C /* LessonsSearchParams.swift */; };
		E946A173244E66B000A3F07C /* LessonsInteractor.swift in Sources */ = {isa = PBXBuildFile; fileRef = E946A172244E66B000A3F07C /* LessonsInteractor.swift */; };
		E946A175244E6AEF00A3F07C /* LessonsError.swift in Sources */ = {isa = PBXBuildFile; fileRef = E946A174244E6AEF00A3F07C /* LessonsError.swift */; };
		E946A177244E70B800A3F07C /* DataServiceProtocol.swift in Sources */ = {isa = PBXBuildFile; fileRef = E946A176244E70B800A3F07C /* DataServiceProtocol.swift */; };
		E946A179244E70C700A3F07C /* DataService.swift in Sources */ = {isa = PBXBuildFile; fileRef = E946A178244E70C700A3F07C /* DataService.swift */; };
		E946A17C244E721700A3F07C /* LessonModel.swift in Sources */ = {isa = PBXBuildFile; fileRef = E946A17B244E721700A3F07C /* LessonModel.swift */; };
		E946A17F244E750700A3F07C /* BaseOptionsProtocols.swift in Sources */ = {isa = PBXBuildFile; fileRef = E946A17E244E750700A3F07C /* BaseOptionsProtocols.swift */; };
		E946A181244E751200A3F07C /* BaseOptions.swift in Sources */ = {isa = PBXBuildFile; fileRef = E946A180244E751200A3F07C /* BaseOptions.swift */; };
		E946A183244E7FC600A3F07C /* LessonsRouter.swift in Sources */ = {isa = PBXBuildFile; fileRef = E946A182244E7FC600A3F07C /* LessonsRouter.swift */; };
		E946A185244E7FFA00A3F07C /* LessonsConfigurator.swift in Sources */ = {isa = PBXBuildFile; fileRef = E946A184244E7FFA00A3F07C /* LessonsConfigurator.swift */; };
		E946A189244EED9400A3F07C /* EventSegue.swift in Sources */ = {isa = PBXBuildFile; fileRef = E946A188244EED9400A3F07C /* EventSegue.swift */; };
		E946A18C244F0A7F00A3F07C /* EventServiceProtocol.swift in Sources */ = {isa = PBXBuildFile; fileRef = E946A18B244F0A7F00A3F07C /* EventServiceProtocol.swift */; };
		E946A18E244F0A8800A3F07C /* EventService.swift in Sources */ = {isa = PBXBuildFile; fileRef = E946A18D244F0A8800A3F07C /* EventService.swift */; };
		E946A199245010C700A3F07C /* CalendarViewController.swift in Sources */ = {isa = PBXBuildFile; fileRef = E946A198245010C700A3F07C /* CalendarViewController.swift */; };
		E946A19B245010DA00A3F07C /* CalendarPresenter.swift in Sources */ = {isa = PBXBuildFile; fileRef = E946A19A245010DA00A3F07C /* CalendarPresenter.swift */; };
		E946A19D245010E500A3F07C /* CalendarInteractor.swift in Sources */ = {isa = PBXBuildFile; fileRef = E946A19C245010E500A3F07C /* CalendarInteractor.swift */; };
		E946A19F245010F200A3F07C /* CalendarRouter.swift in Sources */ = {isa = PBXBuildFile; fileRef = E946A19E245010F200A3F07C /* CalendarRouter.swift */; };
		E946A1A12450110400A3F07C /* CalendarConfigurator.swift in Sources */ = {isa = PBXBuildFile; fileRef = E946A1A02450110400A3F07C /* CalendarConfigurator.swift */; };
		E946A1A32450111100A3F07C /* CalendarProtocols.swift in Sources */ = {isa = PBXBuildFile; fileRef = E946A1A22450111100A3F07C /* CalendarProtocols.swift */; };
		E946A1A824501D0400A3F07C /* Protocols.swift in Sources */ = {isa = PBXBuildFile; fileRef = E946A1A724501D0400A3F07C /* Protocols.swift */; };
		E946A1AA245054D400A3F07C /* CalendarViewController.xib in Resources */ = {isa = PBXBuildFile; fileRef = E946A1A9245054D400A3F07C /* CalendarViewController.xib */; };
		E946A1AC24509D3200A3F07C /* CalendarEventData.swift in Sources */ = {isa = PBXBuildFile; fileRef = E946A1AB24509D3200A3F07C /* CalendarEventData.swift */; };
		E9F96A842453022C005F2BB9 /* Intents.intentdefinition in Sources */ = {isa = PBXBuildFile; fileRef = E9F96A832453022C005F2BB9 /* Intents.intentdefinition */; };
		E9F96A862453260E005F2BB9 /* LessonsAbsentView.swift in Sources */ = {isa = PBXBuildFile; fileRef = E9F96A852453260E005F2BB9 /* LessonsAbsentView.swift */; };
		E9F96A8924535C59005F2BB9 /* ReminderEventData.swift in Sources */ = {isa = PBXBuildFile; fileRef = E9F96A8824535C59005F2BB9 /* ReminderEventData.swift */; };
/* End PBXBuildFile section */

/* Begin PBXFileReference section */
		E946A106244C131C00A3F07C /* HseTimetable.app */ = {isa = PBXFileReference; explicitFileType = wrapper.application; includeInIndex = 0; path = HseTimetable.app; sourceTree = BUILT_PRODUCTS_DIR; };
		E946A109244C131C00A3F07C /* AppDelegate.swift */ = {isa = PBXFileReference; lastKnownFileType = sourcecode.swift; path = AppDelegate.swift; sourceTree = "<group>"; };
		E946A10B244C131C00A3F07C /* SceneDelegate.swift */ = {isa = PBXFileReference; lastKnownFileType = sourcecode.swift; path = SceneDelegate.swift; sourceTree = "<group>"; };
		E946A110244C131C00A3F07C /* Base */ = {isa = PBXFileReference; lastKnownFileType = file.storyboard; name = Base; path = Base.lproj/Main.storyboard; sourceTree = "<group>"; };
		E946A112244C132400A3F07C /* Assets.xcassets */ = {isa = PBXFileReference; lastKnownFileType = folder.assetcatalog; path = Assets.xcassets; sourceTree = "<group>"; };
		E946A115244C132400A3F07C /* Base */ = {isa = PBXFileReference; lastKnownFileType = file.storyboard; name = Base; path = Base.lproj/LaunchScreen.storyboard; sourceTree = "<group>"; };
		E946A117244C132400A3F07C /* Info.plist */ = {isa = PBXFileReference; lastKnownFileType = text.plist.xml; path = Info.plist; sourceTree = "<group>"; };
		E946A123244C158300A3F07C /* NetworkServiceProtocol.swift */ = {isa = PBXFileReference; lastKnownFileType = sourcecode.swift; path = NetworkServiceProtocol.swift; sourceTree = "<group>"; };
		E946A125244C158E00A3F07C /* NetworkService.swift */ = {isa = PBXFileReference; lastKnownFileType = sourcecode.swift; path = NetworkService.swift; sourceTree = "<group>"; };
		E946A12C244C15FD00A3F07C /* JsonUtils.swift */ = {isa = PBXFileReference; lastKnownFileType = sourcecode.swift; path = JsonUtils.swift; sourceTree = "<group>"; };
		E946A12E244C162800A3F07C /* NetStatus.swift */ = {isa = PBXFileReference; lastKnownFileType = sourcecode.swift; path = NetStatus.swift; sourceTree = "<group>"; };
		E946A130244C171E00A3F07C /* BaseHeaders.swift */ = {isa = PBXFileReference; lastKnownFileType = sourcecode.swift; path = BaseHeaders.swift; sourceTree = "<group>"; };
		E946A132244C179F00A3F07C /* BaseParams.swift */ = {isa = PBXFileReference; lastKnownFileType = sourcecode.swift; path = BaseParams.swift; sourceTree = "<group>"; };
		E946A134244C183D00A3F07C /* BaseMethod.swift */ = {isa = PBXFileReference; lastKnownFileType = sourcecode.swift; path = BaseMethod.swift; sourceTree = "<group>"; };
		E946A136244C187200A3F07C /* BaseUrl.swift */ = {isa = PBXFileReference; lastKnownFileType = sourcecode.swift; path = BaseUrl.swift; sourceTree = "<group>"; };
		E946A138244C189100A3F07C /* BaseUrlHost.swift */ = {isa = PBXFileReference; lastKnownFileType = sourcecode.swift; path = BaseUrlHost.swift; sourceTree = "<group>"; };
		E946A13A244C18CC00A3F07C /* BaseUrlScheme.swift */ = {isa = PBXFileReference; lastKnownFileType = sourcecode.swift; path = BaseUrlScheme.swift; sourceTree = "<group>"; };
		E946A13C244C18EA00A3F07C /* BaseUrlPath.swift */ = {isa = PBXFileReference; lastKnownFileType = sourcecode.swift; path = BaseUrlPath.swift; sourceTree = "<group>"; };
		E946A13E244C192200A3F07C /* BaseDataResult.swift */ = {isa = PBXFileReference; lastKnownFileType = sourcecode.swift; path = BaseDataResult.swift; sourceTree = "<group>"; };
		E946A140244C195300A3F07C /* BaseDownload.swift */ = {isa = PBXFileReference; lastKnownFileType = sourcecode.swift; path = BaseDownload.swift; sourceTree = "<group>"; };
		E946A142244C19A200A3F07C /* BaseSession.swift */ = {isa = PBXFileReference; lastKnownFileType = sourcecode.swift; path = BaseSession.swift; sourceTree = "<group>"; };
		E946A144244C19D100A3F07C /* BaseRequest.swift */ = {isa = PBXFileReference; lastKnownFileType = sourcecode.swift; path = BaseRequest.swift; sourceTree = "<group>"; };
		E946A147244C51D500A3F07C /* LessonsTableViewCell.swift */ = {isa = PBXFileReference; lastKnownFileType = sourcecode.swift; path = LessonsTableViewCell.swift; sourceTree = "<group>"; };
		E946A14F244C647B00A3F07C /* Extensions.swift */ = {isa = PBXFileReference; lastKnownFileType = sourcecode.swift; path = Extensions.swift; sourceTree = "<group>"; };
		E946A155244D176600A3F07C /* Color.swift */ = {isa = PBXFileReference; lastKnownFileType = sourcecode.swift; path = Color.swift; sourceTree = "<group>"; };
		E946A157244D196000A3F07C /* Size.swift */ = {isa = PBXFileReference; lastKnownFileType = sourcecode.swift; path = Size.swift; sourceTree = "<group>"; };
		E946A159244D3F8600A3F07C /* EventsTableViewCell.swift */ = {isa = PBXFileReference; lastKnownFileType = sourcecode.swift; path = EventsTableViewCell.swift; sourceTree = "<group>"; };
		E946A15B244D7DB400A3F07C /* LessonsProtocols.swift */ = {isa = PBXFileReference; lastKnownFileType = sourcecode.swift; path = LessonsProtocols.swift; sourceTree = "<group>"; };
		E946A16A244D842B00A3F07C /* Lesson.swift */ = {isa = PBXFileReference; lastKnownFileType = sourcecode.swift; path = Lesson.swift; sourceTree = "<group>"; };
		E946A16C244E5FBE00A3F07C /* LessonsViewController.swift */ = {isa = PBXFileReference; lastKnownFileType = sourcecode.swift; path = LessonsViewController.swift; sourceTree = "<group>"; };
		E946A16E244E61AB00A3F07C /* LessonsPresenter.swift */ = {isa = PBXFileReference; lastKnownFileType = sourcecode.swift; path = LessonsPresenter.swift; sourceTree = "<group>"; };
		E946A170244E638600A3F07C /* LessonsSearchParams.swift */ = {isa = PBXFileReference; lastKnownFileType = sourcecode.swift; path = LessonsSearchParams.swift; sourceTree = "<group>"; };
		E946A172244E66B000A3F07C /* LessonsInteractor.swift */ = {isa = PBXFileReference; lastKnownFileType = sourcecode.swift; path = LessonsInteractor.swift; sourceTree = "<group>"; };
		E946A174244E6AEF00A3F07C /* LessonsError.swift */ = {isa = PBXFileReference; lastKnownFileType = sourcecode.swift; path = LessonsError.swift; sourceTree = "<group>"; };
		E946A176244E70B800A3F07C /* DataServiceProtocol.swift */ = {isa = PBXFileReference; lastKnownFileType = sourcecode.swift; path = DataServiceProtocol.swift; sourceTree = "<group>"; };
		E946A178244E70C700A3F07C /* DataService.swift */ = {isa = PBXFileReference; lastKnownFileType = sourcecode.swift; path = DataService.swift; sourceTree = "<group>"; };
		E946A17B244E721700A3F07C /* LessonModel.swift */ = {isa = PBXFileReference; lastKnownFileType = sourcecode.swift; path = LessonModel.swift; sourceTree = "<group>"; };
		E946A17E244E750700A3F07C /* BaseOptionsProtocols.swift */ = {isa = PBXFileReference; lastKnownFileType = sourcecode.swift; path = BaseOptionsProtocols.swift; sourceTree = "<group>"; };
		E946A180244E751200A3F07C /* BaseOptions.swift */ = {isa = PBXFileReference; lastKnownFileType = sourcecode.swift; path = BaseOptions.swift; sourceTree = "<group>"; };
		E946A182244E7FC600A3F07C /* LessonsRouter.swift */ = {isa = PBXFileReference; lastKnownFileType = sourcecode.swift; path = LessonsRouter.swift; sourceTree = "<group>"; };
		E946A184244E7FFA00A3F07C /* LessonsConfigurator.swift */ = {isa = PBXFileReference; lastKnownFileType = sourcecode.swift; path = LessonsConfigurator.swift; sourceTree = "<group>"; };
		E946A188244EED9400A3F07C /* EventSegue.swift */ = {isa = PBXFileReference; lastKnownFileType = sourcecode.swift; path = EventSegue.swift; sourceTree = "<group>"; };
		E946A18B244F0A7F00A3F07C /* EventServiceProtocol.swift */ = {isa = PBXFileReference; lastKnownFileType = sourcecode.swift; path = EventServiceProtocol.swift; sourceTree = "<group>"; };
		E946A18D244F0A8800A3F07C /* EventService.swift */ = {isa = PBXFileReference; lastKnownFileType = sourcecode.swift; path = EventService.swift; sourceTree = "<group>"; };
		E946A198245010C700A3F07C /* CalendarViewController.swift */ = {isa = PBXFileReference; lastKnownFileType = sourcecode.swift; path = CalendarViewController.swift; sourceTree = "<group>"; };
		E946A19A245010DA00A3F07C /* CalendarPresenter.swift */ = {isa = PBXFileReference; lastKnownFileType = sourcecode.swift; path = CalendarPresenter.swift; sourceTree = "<group>"; };
		E946A19C245010E500A3F07C /* CalendarInteractor.swift */ = {isa = PBXFileReference; lastKnownFileType = sourcecode.swift; path = CalendarInteractor.swift; sourceTree = "<group>"; };
		E946A19E245010F200A3F07C /* CalendarRouter.swift */ = {isa = PBXFileReference; lastKnownFileType = sourcecode.swift; path = CalendarRouter.swift; sourceTree = "<group>"; };
		E946A1A02450110400A3F07C /* CalendarConfigurator.swift */ = {isa = PBXFileReference; lastKnownFileType = sourcecode.swift; path = CalendarConfigurator.swift; sourceTree = "<group>"; };
		E946A1A22450111100A3F07C /* CalendarProtocols.swift */ = {isa = PBXFileReference; lastKnownFileType = sourcecode.swift; path = CalendarProtocols.swift; sourceTree = "<group>"; };
		E946A1A724501D0400A3F07C /* Protocols.swift */ = {isa = PBXFileReference; lastKnownFileType = sourcecode.swift; path = Protocols.swift; sourceTree = "<group>"; };
		E946A1A9245054D400A3F07C /* CalendarViewController.xib */ = {isa = PBXFileReference; lastKnownFileType = file.xib; path = CalendarViewController.xib; sourceTree = "<group>"; };
		E946A1AB24509D3200A3F07C /* CalendarEventData.swift */ = {isa = PBXFileReference; lastKnownFileType = sourcecode.swift; path = CalendarEventData.swift; sourceTree = "<group>"; };
		E9F96A832453022C005F2BB9 /* Intents.intentdefinition */ = {isa = PBXFileReference; lastKnownFileType = file.intentdefinition; path = Intents.intentdefinition; sourceTree = "<group>"; };
		E9F96A852453260E005F2BB9 /* LessonsAbsentView.swift */ = {isa = PBXFileReference; lastKnownFileType = sourcecode.swift; path = LessonsAbsentView.swift; sourceTree = "<group>"; };
		E9F96A8824535C59005F2BB9 /* ReminderEventData.swift */ = {isa = PBXFileReference; lastKnownFileType = sourcecode.swift; path = ReminderEventData.swift; sourceTree = "<group>"; };
/* End PBXFileReference section */

/* Begin PBXFrameworksBuildPhase section */
		E946A103244C131C00A3F07C /* Frameworks */ = {
			isa = PBXFrameworksBuildPhase;
			buildActionMask = 2147483647;
			files = (
				E946A169244D809900A3F07C /* RealmSwift in Frameworks */,
				E946A164244D7FF300A3F07C /* Action in Frameworks */,
				E946A161244D7FCB00A3F07C /* RxCocoa in Frameworks */,
				E946A15F244D7FCB00A3F07C /* RxSwift in Frameworks */,
				E946A14E244C5F6300A3F07C /* SnapKit in Frameworks */,
				E946A167244D809900A3F07C /* Realm in Frameworks */,
			);
			runOnlyForDeploymentPostprocessing = 0;
		};
/* End PBXFrameworksBuildPhase section */

/* Begin PBXGroup section */
		E946A0FD244C131C00A3F07C = {
			isa = PBXGroup;
			children = (
				E946A108244C131C00A3F07C /* HseTimetable */,
				E946A107244C131C00A3F07C /* Products */,
			);
			sourceTree = "<group>";
		};
		E946A107244C131C00A3F07C /* Products */ = {
			isa = PBXGroup;
			children = (
				E946A106244C131C00A3F07C /* HseTimetable.app */,
			);
			name = Products;
			sourceTree = "<group>";
		};
		E946A108244C131C00A3F07C /* HseTimetable */ = {
			isa = PBXGroup;
			children = (
				E946A109244C131C00A3F07C /* AppDelegate.swift */,
				E946A10B244C131C00A3F07C /* SceneDelegate.swift */,
				E946A120244C151300A3F07C /* Entities */,
				E946A11F244C150200A3F07C /* Modules */,
				E946A151244D16F600A3F07C /* Views */,
				E946A11E244C14F400A3F07C /* Services */,
				E946A11D244C14CD00A3F07C /* Storyboards */,
				E946A149244C5BCE00A3F07C /* Utils */,
				E946A112244C132400A3F07C /* Assets.xcassets */,
				E946A117244C132400A3F07C /* Info.plist */,
				E9F96A832453022C005F2BB9 /* Intents.intentdefinition */,
			);
			path = HseTimetable;
			sourceTree = "<group>";
		};
		E946A11D244C14CD00A3F07C /* Storyboards */ = {
			isa = PBXGroup;
			children = (
				E946A114244C132400A3F07C /* LaunchScreen.storyboard */,
				E946A10F244C131C00A3F07C /* Main.storyboard */,
			);
			path = Storyboards;
			sourceTree = "<group>";
		};
		E946A11E244C14F400A3F07C /* Services */ = {
			isa = PBXGroup;
			children = (
				E946A18A244F0A4F00A3F07C /* EventService */,
				E946A122244C156700A3F07C /* DataService */,
				E946A121244C155900A3F07C /* NetworkService */,
			);
			path = Services;
			sourceTree = "<group>";
		};
		E946A11F244C150200A3F07C /* Modules */ = {
			isa = PBXGroup;
			children = (
				E946A1942450075100A3F07C /* Events */,
				E946A146244C51AA00A3F07C /* Lessons */,
				E946A1A724501D0400A3F07C /* Protocols.swift */,
			);
			path = Modules;
			sourceTree = "<group>";
		};
		E946A120244C151300A3F07C /* Entities */ = {
			isa = PBXGroup;
			children = (
				E946A16A244D842B00A3F07C /* Lesson.swift */,
				E946A174244E6AEF00A3F07C /* LessonsError.swift */,
				E946A170244E638600A3F07C /* LessonsSearchParams.swift */,
				E946A188244EED9400A3F07C /* EventSegue.swift */,
				E946A1AB24509D3200A3F07C /* CalendarEventData.swift */,
				E9F96A8824535C59005F2BB9 /* ReminderEventData.swift */,
			);
			path = Entities;
			sourceTree = "<group>";
		};
		E946A121244C155900A3F07C /* NetworkService */ = {
			isa = PBXGroup;
			children = (
				E946A123244C158300A3F07C /* NetworkServiceProtocol.swift */,
				E946A125244C158E00A3F07C /* NetworkService.swift */,
				E946A127244C159C00A3F07C /* BaseDataResult */,
				E946A128244C15A700A3F07C /* BaseURL */,
				E946A129244C15B000A3F07C /* BaseParams */,
				E946A12A244C15BF00A3F07C /* NetStatus */,
				E946A12B244C15CF00A3F07C /* Utils */,
			);
			path = NetworkService;
			sourceTree = "<group>";
		};
		E946A122244C156700A3F07C /* DataService */ = {
			isa = PBXGroup;
			children = (
				E946A176244E70B800A3F07C /* DataServiceProtocol.swift */,
				E946A178244E70C700A3F07C /* DataService.swift */,
				E946A17D244E74ED00A3F07C /* BaseOptions */,
				E946A17A244E720000A3F07C /* Models */,
			);
			path = DataService;
			sourceTree = "<group>";
		};
		E946A127244C159C00A3F07C /* BaseDataResult */ = {
			isa = PBXGroup;
			children = (
				E946A13E244C192200A3F07C /* BaseDataResult.swift */,
				E946A140244C195300A3F07C /* BaseDownload.swift */,
				E946A144244C19D100A3F07C /* BaseRequest.swift */,
				E946A142244C19A200A3F07C /* BaseSession.swift */,
			);
			path = BaseDataResult;
			sourceTree = "<group>";
		};
		E946A128244C15A700A3F07C /* BaseURL */ = {
			isa = PBXGroup;
			children = (
				E946A136244C187200A3F07C /* BaseUrl.swift */,
				E946A138244C189100A3F07C /* BaseUrlHost.swift */,
				E946A13A244C18CC00A3F07C /* BaseUrlScheme.swift */,
				E946A13C244C18EA00A3F07C /* BaseUrlPath.swift */,
			);
			path = BaseURL;
			sourceTree = "<group>";
		};
		E946A129244C15B000A3F07C /* BaseParams */ = {
			isa = PBXGroup;
			children = (
				E946A132244C179F00A3F07C /* BaseParams.swift */,
				E946A130244C171E00A3F07C /* BaseHeaders.swift */,
				E946A134244C183D00A3F07C /* BaseMethod.swift */,
			);
			path = BaseParams;
			sourceTree = "<group>";
		};
		E946A12A244C15BF00A3F07C /* NetStatus */ = {
			isa = PBXGroup;
			children = (
				E946A12E244C162800A3F07C /* NetStatus.swift */,
			);
			path = NetStatus;
			sourceTree = "<group>";
		};
		E946A12B244C15CF00A3F07C /* Utils */ = {
			isa = PBXGroup;
			children = (
				E946A12C244C15FD00A3F07C /* JsonUtils.swift */,
			);
			path = Utils;
			sourceTree = "<group>";
		};
		E946A146244C51AA00A3F07C /* Lessons */ = {
			isa = PBXGroup;
			children = (
				E946A16C244E5FBE00A3F07C /* LessonsViewController.swift */,
				E946A16E244E61AB00A3F07C /* LessonsPresenter.swift */,
				E946A172244E66B000A3F07C /* LessonsInteractor.swift */,
				E946A182244E7FC600A3F07C /* LessonsRouter.swift */,
				E946A184244E7FFA00A3F07C /* LessonsConfigurator.swift */,
				E946A15B244D7DB400A3F07C /* LessonsProtocols.swift */,
			);
			path = Lessons;
			sourceTree = "<group>";
		};
		E946A149244C5BCE00A3F07C /* Utils */ = {
			isa = PBXGroup;
			children = (
				E946A14F244C647B00A3F07C /* Extensions.swift */,
			);
			path = Utils;
			sourceTree = "<group>";
		};
		E946A151244D16F600A3F07C /* Views */ = {
			isa = PBXGroup;
			children = (
				E946A152244D172100A3F07C /* Lessons */,
				E946A155244D176600A3F07C /* Color.swift */,
				E946A157244D196000A3F07C /* Size.swift */,
			);
			path = Views;
			sourceTree = "<group>";
		};
		E946A152244D172100A3F07C /* Lessons */ = {
			isa = PBXGroup;
			children = (
				E946A147244C51D500A3F07C /* LessonsTableViewCell.swift */,
				E946A159244D3F8600A3F07C /* EventsTableViewCell.swift */,
				E9F96A852453260E005F2BB9 /* LessonsAbsentView.swift */,
			);
			path = Lessons;
			sourceTree = "<group>";
		};
		E946A17A244E720000A3F07C /* Models */ = {
			isa = PBXGroup;
			children = (
				E946A17B244E721700A3F07C /* LessonModel.swift */,
			);
			path = Models;
			sourceTree = "<group>";
		};
		E946A17D244E74ED00A3F07C /* BaseOptions */ = {
			isa = PBXGroup;
			children = (
				E946A17E244E750700A3F07C /* BaseOptionsProtocols.swift */,
				E946A180244E751200A3F07C /* BaseOptions.swift */,
			);
			path = BaseOptions;
			sourceTree = "<group>";
		};
		E946A18A244F0A4F00A3F07C /* EventService */ = {
			isa = PBXGroup;
			children = (
				E946A18B244F0A7F00A3F07C /* EventServiceProtocol.swift */,
				E946A18D244F0A8800A3F07C /* EventService.swift */,
			);
			path = EventService;
			sourceTree = "<group>";
		};
		E946A1942450075100A3F07C /* Events */ = {
			isa = PBXGroup;
			children = (
				E946A197245010AB00A3F07C /* Calendar */,
				E9F96A87245353F7005F2BB9 /* Reminder */,
			);
			path = Events;
			sourceTree = "<group>";
		};
		E946A197245010AB00A3F07C /* Calendar */ = {
			isa = PBXGroup;
			children = (
				E946A198245010C700A3F07C /* CalendarViewController.swift */,
				E946A19A245010DA00A3F07C /* CalendarPresenter.swift */,
				E946A19C245010E500A3F07C /* CalendarInteractor.swift */,
				E946A19E245010F200A3F07C /* CalendarRouter.swift */,
				E946A1A02450110400A3F07C /* CalendarConfigurator.swift */,
				E946A1A22450111100A3F07C /* CalendarProtocols.swift */,
				E946A1A9245054D400A3F07C /* CalendarViewController.xib */,
			);
			path = Calendar;
			sourceTree = "<group>";
		};
		E9F96A87245353F7005F2BB9 /* Reminder */ = {
			isa = PBXGroup;
			children = (
			);
			path = Reminder;
			sourceTree = "<group>";
		};
/* End PBXGroup section */

/* Begin PBXNativeTarget section */
		E946A105244C131C00A3F07C /* HseTimetable */ = {
			isa = PBXNativeTarget;
			buildConfigurationList = E946A11A244C132400A3F07C /* Build configuration list for PBXNativeTarget "HseTimetable" */;
			buildPhases = (
				E946A102244C131C00A3F07C /* Sources */,
				E946A103244C131C00A3F07C /* Frameworks */,
				E946A104244C131C00A3F07C /* Resources */,
			);
			buildRules = (
			);
			dependencies = (
			);
			name = HseTimetable;
			packageProductDependencies = (
				E946A14D244C5F6300A3F07C /* SnapKit */,
				E946A15E244D7FCB00A3F07C /* RxSwift */,
				E946A160244D7FCB00A3F07C /* RxCocoa */,
				E946A163244D7FF300A3F07C /* Action */,
				E946A166244D809900A3F07C /* Realm */,
				E946A168244D809900A3F07C /* RealmSwift */,
			);
			productName = HseTimetable;
			productReference = E946A106244C131C00A3F07C /* HseTimetable.app */;
			productType = "com.apple.product-type.application";
		};
/* End PBXNativeTarget section */

/* Begin PBXProject section */
		E946A0FE244C131C00A3F07C /* Project object */ = {
			isa = PBXProject;
			attributes = {
				LastSwiftUpdateCheck = 1140;
				LastUpgradeCheck = 1140;
				ORGANIZATIONNAME = Hse;
				TargetAttributes = {
					E946A105244C131C00A3F07C = {
						CreatedOnToolsVersion = 11.4.1;
					};
				};
			};
			buildConfigurationList = E946A101244C131C00A3F07C /* Build configuration list for PBXProject "HseTimetable" */;
			compatibilityVersion = "Xcode 9.3";
			developmentRegion = en;
			hasScannedForEncodings = 0;
			knownRegions = (
				en,
				Base,
			);
			mainGroup = E946A0FD244C131C00A3F07C;
			packageReferences = (
				E946A14C244C5F6300A3F07C /* XCRemoteSwiftPackageReference "SnapKit" */,
				E946A15D244D7FCB00A3F07C /* XCRemoteSwiftPackageReference "RxSwift" */,
				E946A162244D7FF300A3F07C /* XCRemoteSwiftPackageReference "Action" */,
				E946A165244D809900A3F07C /* XCRemoteSwiftPackageReference "realm-cocoa" */,
			);
			productRefGroup = E946A107244C131C00A3F07C /* Products */;
			projectDirPath = "";
			projectRoot = "";
			targets = (
				E946A105244C131C00A3F07C /* HseTimetable */,
			);
		};
/* End PBXProject section */

/* Begin PBXResourcesBuildPhase section */
		E946A104244C131C00A3F07C /* Resources */ = {
			isa = PBXResourcesBuildPhase;
			buildActionMask = 2147483647;
			files = (
				E946A1AA245054D400A3F07C /* CalendarViewController.xib in Resources */,
				E946A116244C132400A3F07C /* LaunchScreen.storyboard in Resources */,
				E946A113244C132400A3F07C /* Assets.xcassets in Resources */,
				E946A111244C131C00A3F07C /* Main.storyboard in Resources */,
			);
			runOnlyForDeploymentPostprocessing = 0;
		};
/* End PBXResourcesBuildPhase section */

/* Begin PBXSourcesBuildPhase section */
		E946A102244C131C00A3F07C /* Sources */ = {
			isa = PBXSourcesBuildPhase;
			buildActionMask = 2147483647;
			files = (
				E946A199245010C700A3F07C /* CalendarViewController.swift in Sources */,
				E946A1A824501D0400A3F07C /* Protocols.swift in Sources */,
				E946A15A244D3F8600A3F07C /* EventsTableViewCell.swift in Sources */,
				E946A189244EED9400A3F07C /* EventSegue.swift in Sources */,
				E946A141244C195300A3F07C /* BaseDownload.swift in Sources */,
				E946A175244E6AEF00A3F07C /* LessonsError.swift in Sources */,
				E9F96A842453022C005F2BB9 /* Intents.intentdefinition in Sources */,
				E946A19F245010F200A3F07C /* CalendarRouter.swift in Sources */,
				E946A185244E7FFA00A3F07C /* LessonsConfigurator.swift in Sources */,
				E946A139244C189100A3F07C /* BaseUrlHost.swift in Sources */,
				E946A12F244C162800A3F07C /* NetStatus.swift in Sources */,
				E946A1A32450111100A3F07C /* CalendarProtocols.swift in Sources */,
				E946A19D245010E500A3F07C /* CalendarInteractor.swift in Sources */,
				E9F96A862453260E005F2BB9 /* LessonsAbsentView.swift in Sources */,
				E946A17C244E721700A3F07C /* LessonModel.swift in Sources */,
				E946A148244C51D500A3F07C /* LessonsTableViewCell.swift in Sources */,
				E946A181244E751200A3F07C /* BaseOptions.swift in Sources */,
				E946A1AC24509D3200A3F07C /* CalendarEventData.swift in Sources */,
				E946A171244E638600A3F07C /* LessonsSearchParams.swift in Sources */,
				E946A1A12450110400A3F07C /* CalendarConfigurator.swift in Sources */,
				E946A137244C187200A3F07C /* BaseUrl.swift in Sources */,
				E946A126244C158E00A3F07C /* NetworkService.swift in Sources */,
				E946A16F244E61AB00A3F07C /* LessonsPresenter.swift in Sources */,
				E946A124244C158300A3F07C /* NetworkServiceProtocol.swift in Sources */,
				E946A19B245010DA00A3F07C /* CalendarPresenter.swift in Sources */,
				E946A13D244C18EA00A3F07C /* BaseUrlPath.swift in Sources */,
				E946A135244C183D00A3F07C /* BaseMethod.swift in Sources */,
				E946A16B244D842B00A3F07C /* Lesson.swift in Sources */,
				E946A158244D196000A3F07C /* Size.swift in Sources */,
				E946A145244C19D100A3F07C /* BaseRequest.swift in Sources */,
				E946A156244D176600A3F07C /* Color.swift in Sources */,
				E946A131244C171E00A3F07C /* BaseHeaders.swift in Sources */,
				E9F96A8924535C59005F2BB9 /* ReminderEventData.swift in Sources */,
				E946A13B244C18CC00A3F07C /* BaseUrlScheme.swift in Sources */,
				E946A16D244E5FBE00A3F07C /* LessonsViewController.swift in Sources */,
				E946A18E244F0A8800A3F07C /* EventService.swift in Sources */,
				E946A18C244F0A7F00A3F07C /* EventServiceProtocol.swift in Sources */,
				E946A177244E70B800A3F07C /* DataServiceProtocol.swift in Sources */,
				E946A17F244E750700A3F07C /* BaseOptionsProtocols.swift in Sources */,
				E946A133244C179F00A3F07C /* BaseParams.swift in Sources */,
				E946A179244E70C700A3F07C /* DataService.swift in Sources */,
				E946A10A244C131C00A3F07C /* AppDelegate.swift in Sources */,
				E946A150244C647B00A3F07C /* Extensions.swift in Sources */,
				E946A173244E66B000A3F07C /* LessonsInteractor.swift in Sources */,
				E946A13F244C192200A3F07C /* BaseDataResult.swift in Sources */,
				E946A143244C19A200A3F07C /* BaseSession.swift in Sources */,
				E946A15C244D7DB400A3F07C /* LessonsProtocols.swift in Sources */,
				E946A10C244C131C00A3F07C /* SceneDelegate.swift in Sources */,
				E946A183244E7FC600A3F07C /* LessonsRouter.swift in Sources */,
				E946A12D244C15FD00A3F07C /* JsonUtils.swift in Sources */,
			);
			runOnlyForDeploymentPostprocessing = 0;
		};
/* End PBXSourcesBuildPhase section */

/* Begin PBXVariantGroup section */
		E946A10F244C131C00A3F07C /* Main.storyboard */ = {
			isa = PBXVariantGroup;
			children = (
				E946A110244C131C00A3F07C /* Base */,
			);
			name = Main.storyboard;
			sourceTree = "<group>";
		};
		E946A114244C132400A3F07C /* LaunchScreen.storyboard */ = {
			isa = PBXVariantGroup;
			children = (
				E946A115244C132400A3F07C /* Base */,
			);
			name = LaunchScreen.storyboard;
			sourceTree = "<group>";
		};
/* End PBXVariantGroup section */

/* Begin XCBuildConfiguration section */
		E946A118244C132400A3F07C /* Debug */ = {
			isa = XCBuildConfiguration;
			buildSettings = {
				ALWAYS_SEARCH_USER_PATHS = NO;
				CLANG_ANALYZER_NONNULL = YES;
				CLANG_ANALYZER_NUMBER_OBJECT_CONVERSION = YES_AGGRESSIVE;
				CLANG_CXX_LANGUAGE_STANDARD = "gnu++14";
				CLANG_CXX_LIBRARY = "libc++";
				CLANG_ENABLE_MODULES = YES;
				CLANG_ENABLE_OBJC_ARC = YES;
				CLANG_ENABLE_OBJC_WEAK = YES;
				CLANG_WARN_BLOCK_CAPTURE_AUTORELEASING = YES;
				CLANG_WARN_BOOL_CONVERSION = YES;
				CLANG_WARN_COMMA = YES;
				CLANG_WARN_CONSTANT_CONVERSION = YES;
				CLANG_WARN_DEPRECATED_OBJC_IMPLEMENTATIONS = YES;
				CLANG_WARN_DIRECT_OBJC_ISA_USAGE = YES_ERROR;
				CLANG_WARN_DOCUMENTATION_COMMENTS = YES;
				CLANG_WARN_EMPTY_BODY = YES;
				CLANG_WARN_ENUM_CONVERSION = YES;
				CLANG_WARN_INFINITE_RECURSION = YES;
				CLANG_WARN_INT_CONVERSION = YES;
				CLANG_WARN_NON_LITERAL_NULL_CONVERSION = YES;
				CLANG_WARN_OBJC_IMPLICIT_RETAIN_SELF = YES;
				CLANG_WARN_OBJC_LITERAL_CONVERSION = YES;
				CLANG_WARN_OBJC_ROOT_CLASS = YES_ERROR;
				CLANG_WARN_RANGE_LOOP_ANALYSIS = YES;
				CLANG_WARN_STRICT_PROTOTYPES = YES;
				CLANG_WARN_SUSPICIOUS_MOVE = YES;
				CLANG_WARN_UNGUARDED_AVAILABILITY = YES_AGGRESSIVE;
				CLANG_WARN_UNREACHABLE_CODE = YES;
				CLANG_WARN__DUPLICATE_METHOD_MATCH = YES;
				COPY_PHASE_STRIP = NO;
				DEBUG_INFORMATION_FORMAT = dwarf;
				ENABLE_STRICT_OBJC_MSGSEND = YES;
				ENABLE_TESTABILITY = YES;
				GCC_C_LANGUAGE_STANDARD = gnu11;
				GCC_DYNAMIC_NO_PIC = NO;
				GCC_NO_COMMON_BLOCKS = YES;
				GCC_OPTIMIZATION_LEVEL = 0;
				GCC_PREPROCESSOR_DEFINITIONS = (
					"DEBUG=1",
					"$(inherited)",
				);
				GCC_WARN_64_TO_32_BIT_CONVERSION = YES;
				GCC_WARN_ABOUT_RETURN_TYPE = YES_ERROR;
				GCC_WARN_UNDECLARED_SELECTOR = YES;
				GCC_WARN_UNINITIALIZED_AUTOS = YES_AGGRESSIVE;
				GCC_WARN_UNUSED_FUNCTION = YES;
				GCC_WARN_UNUSED_VARIABLE = YES;
				IPHONEOS_DEPLOYMENT_TARGET = 12.0;
				MTL_ENABLE_DEBUG_INFO = INCLUDE_SOURCE;
				MTL_FAST_MATH = YES;
				ONLY_ACTIVE_ARCH = YES;
				SDKROOT = iphoneos;
				SWIFT_ACTIVE_COMPILATION_CONDITIONS = DEBUG;
				SWIFT_OPTIMIZATION_LEVEL = "-Onone";
			};
			name = Debug;
		};
		E946A119244C132400A3F07C /* Release */ = {
			isa = XCBuildConfiguration;
			buildSettings = {
				ALWAYS_SEARCH_USER_PATHS = NO;
				CLANG_ANALYZER_NONNULL = YES;
				CLANG_ANALYZER_NUMBER_OBJECT_CONVERSION = YES_AGGRESSIVE;
				CLANG_CXX_LANGUAGE_STANDARD = "gnu++14";
				CLANG_CXX_LIBRARY = "libc++";
				CLANG_ENABLE_MODULES = YES;
				CLANG_ENABLE_OBJC_ARC = YES;
				CLANG_ENABLE_OBJC_WEAK = YES;
				CLANG_WARN_BLOCK_CAPTURE_AUTORELEASING = YES;
				CLANG_WARN_BOOL_CONVERSION = YES;
				CLANG_WARN_COMMA = YES;
				CLANG_WARN_CONSTANT_CONVERSION = YES;
				CLANG_WARN_DEPRECATED_OBJC_IMPLEMENTATIONS = YES;
				CLANG_WARN_DIRECT_OBJC_ISA_USAGE = YES_ERROR;
				CLANG_WARN_DOCUMENTATION_COMMENTS = YES;
				CLANG_WARN_EMPTY_BODY = YES;
				CLANG_WARN_ENUM_CONVERSION = YES;
				CLANG_WARN_INFINITE_RECURSION = YES;
				CLANG_WARN_INT_CONVERSION = YES;
				CLANG_WARN_NON_LITERAL_NULL_CONVERSION = YES;
				CLANG_WARN_OBJC_IMPLICIT_RETAIN_SELF = YES;
				CLANG_WARN_OBJC_LITERAL_CONVERSION = YES;
				CLANG_WARN_OBJC_ROOT_CLASS = YES_ERROR;
				CLANG_WARN_RANGE_LOOP_ANALYSIS = YES;
				CLANG_WARN_STRICT_PROTOTYPES = YES;
				CLANG_WARN_SUSPICIOUS_MOVE = YES;
				CLANG_WARN_UNGUARDED_AVAILABILITY = YES_AGGRESSIVE;
				CLANG_WARN_UNREACHABLE_CODE = YES;
				CLANG_WARN__DUPLICATE_METHOD_MATCH = YES;
				COPY_PHASE_STRIP = NO;
				DEBUG_INFORMATION_FORMAT = "dwarf-with-dsym";
				ENABLE_NS_ASSERTIONS = NO;
				ENABLE_STRICT_OBJC_MSGSEND = YES;
				GCC_C_LANGUAGE_STANDARD = gnu11;
				GCC_NO_COMMON_BLOCKS = YES;
				GCC_WARN_64_TO_32_BIT_CONVERSION = YES;
				GCC_WARN_ABOUT_RETURN_TYPE = YES_ERROR;
				GCC_WARN_UNDECLARED_SELECTOR = YES;
				GCC_WARN_UNINITIALIZED_AUTOS = YES_AGGRESSIVE;
				GCC_WARN_UNUSED_FUNCTION = YES;
				GCC_WARN_UNUSED_VARIABLE = YES;
				IPHONEOS_DEPLOYMENT_TARGET = 12.0;
				MTL_ENABLE_DEBUG_INFO = NO;
				MTL_FAST_MATH = YES;
				SDKROOT = iphoneos;
				SWIFT_COMPILATION_MODE = wholemodule;
				SWIFT_OPTIMIZATION_LEVEL = "-O";
				VALIDATE_PRODUCT = YES;
			};
			name = Release;
		};
		E946A11B244C132400A3F07C /* Debug */ = {
			isa = XCBuildConfiguration;
			buildSettings = {
				ASSETCATALOG_COMPILER_APPICON_NAME = AppIcon;
				CODE_SIGN_STYLE = Automatic;
				INFOPLIST_FILE = HseTimetable/Info.plist;
				IPHONEOS_DEPLOYMENT_TARGET = 12.0;
				LD_RUNPATH_SEARCH_PATHS = (
					"$(inherited)",
					"@executable_path/Frameworks",
				);
				PRODUCT_BUNDLE_IDENTIFIER = hse.HseTimetable;
				PRODUCT_NAME = "$(TARGET_NAME)";
				SWIFT_VERSION = 5.0;
				TARGETED_DEVICE_FAMILY = "1,2";
			};
			name = Debug;
		};
		E946A11C244C132400A3F07C /* Release */ = {
			isa = XCBuildConfiguration;
			buildSettings = {
				ASSETCATALOG_COMPILER_APPICON_NAME = AppIcon;
				CODE_SIGN_STYLE = Automatic;
				INFOPLIST_FILE = HseTimetable/Info.plist;
				IPHONEOS_DEPLOYMENT_TARGET = 12.0;
				LD_RUNPATH_SEARCH_PATHS = (
					"$(inherited)",
					"@executable_path/Frameworks",
				);
				PRODUCT_BUNDLE_IDENTIFIER = hse.HseTimetable;
				PRODUCT_NAME = "$(TARGET_NAME)";
				SWIFT_VERSION = 5.0;
				TARGETED_DEVICE_FAMILY = "1,2";
			};
			name = Release;
		};
/* End XCBuildConfiguration section */

/* Begin XCConfigurationList section */
		E946A101244C131C00A3F07C /* Build configuration list for PBXProject "HseTimetable" */ = {
			isa = XCConfigurationList;
			buildConfigurations = (
				E946A118244C132400A3F07C /* Debug */,
				E946A119244C132400A3F07C /* Release */,
			);
			defaultConfigurationIsVisible = 0;
			defaultConfigurationName = Release;
		};
		E946A11A244C132400A3F07C /* Build configuration list for PBXNativeTarget "HseTimetable" */ = {
			isa = XCConfigurationList;
			buildConfigurations = (
				E946A11B244C132400A3F07C /* Debug */,
				E946A11C244C132400A3F07C /* Release */,
			);
			defaultConfigurationIsVisible = 0;
			defaultConfigurationName = Release;
		};
/* End XCConfigurationList section */

/* Begin XCRemoteSwiftPackageReference section */
		E946A14C244C5F6300A3F07C /* XCRemoteSwiftPackageReference "SnapKit" */ = {
			isa = XCRemoteSwiftPackageReference;
			repositoryURL = "https://github.com/SnapKit/SnapKit";
			requirement = {
				kind = upToNextMajorVersion;
				minimumVersion = 5.0.1;
			};
		};
		E946A15D244D7FCB00A3F07C /* XCRemoteSwiftPackageReference "RxSwift" */ = {
			isa = XCRemoteSwiftPackageReference;
			repositoryURL = "https://github.com/ReactiveX/RxSwift";
			requirement = {
				kind = upToNextMajorVersion;
				minimumVersion = 5.1.1;
			};
		};
		E946A162244D7FF300A3F07C /* XCRemoteSwiftPackageReference "Action" */ = {
			isa = XCRemoteSwiftPackageReference;
			repositoryURL = "https://github.com/RxSwiftCommunity/Action";
			requirement = {
				kind = upToNextMajorVersion;
				minimumVersion = 4.0.1;
			};
		};
		E946A165244D809900A3F07C /* XCRemoteSwiftPackageReference "realm-cocoa" */ = {
			isa = XCRemoteSwiftPackageReference;
			repositoryURL = "https://github.com/realm/realm-cocoa";
			requirement = {
				kind = upToNextMajorVersion;
				minimumVersion = 4.4.1;
			};
		};
/* End XCRemoteSwiftPackageReference section */

/* Begin XCSwiftPackageProductDependency section */
		E946A14D244C5F6300A3F07C /* SnapKit */ = {
			isa = XCSwiftPackageProductDependency;
			package = E946A14C244C5F6300A3F07C /* XCRemoteSwiftPackageReference "SnapKit" */;
			productName = SnapKit;
		};
		E946A15E244D7FCB00A3F07C /* RxSwift */ = {
			isa = XCSwiftPackageProductDependency;
			package = E946A15D244D7FCB00A3F07C /* XCRemoteSwiftPackageReference "RxSwift" */;
			productName = RxSwift;
		};
		E946A160244D7FCB00A3F07C /* RxCocoa */ = {
			isa = XCSwiftPackageProductDependency;
			package = E946A15D244D7FCB00A3F07C /* XCRemoteSwiftPackageReference "RxSwift" */;
			productName = RxCocoa;
		};
		E946A163244D7FF300A3F07C /* Action */ = {
			isa = XCSwiftPackageProductDependency;
			package = E946A162244D7FF300A3F07C /* XCRemoteSwiftPackageReference "Action" */;
			productName = Action;
		};
		E946A166244D809900A3F07C /* Realm */ = {
			isa = XCSwiftPackageProductDependency;
			package = E946A165244D809900A3F07C /* XCRemoteSwiftPackageReference "realm-cocoa" */;
			productName = Realm;
		};
		E946A168244D809900A3F07C /* RealmSwift */ = {
			isa = XCSwiftPackageProductDependency;
			package = E946A165244D809900A3F07C /* XCRemoteSwiftPackageReference "realm-cocoa" */;
			productName = RealmSwift;
		};
/* End XCSwiftPackageProductDependency section */
	};
	rootObject = E946A0FE244C131C00A3F07C /* Project object */;
}
